// !$*UTF8*$!
{
	archiveVersion = 1;
	classes = {
	};
	objectVersion = 46;
	objects = {

/* Begin PBXBuildFile section */
		3AA18333D5948C691D4DEB3B /* Pods_The_Dog_Walker.framework in Frameworks */ = {isa = PBXBuildFile; fileRef = 1EABD0474B655656272A14A8 /* Pods_The_Dog_Walker.framework */; };
		75C1E6C5D93C444FBB170ED7 /* Pods_The_Dog_WalkerUITests.framework in Frameworks */ = {isa = PBXBuildFile; fileRef = BBD50859B30E6E531A33F557 /* Pods_The_Dog_WalkerUITests.framework */; };
		9D70D9A70E9E8ADBE05ACE6D /* Pods_The_Dog_WalkerTests.framework in Frameworks */ = {isa = PBXBuildFile; fileRef = 8CC72B7D6AEA19ACDFE2BD3D /* Pods_The_Dog_WalkerTests.framework */; };
		D207874F1F0BE80C00941955 /* Constants.swift in Sources */ = {isa = PBXBuildFile; fileRef = D207874E1F0BE80C00941955 /* Constants.swift */; };
		D217B31D1EF3453500785F88 /* PetDetailsTableViewController.swift in Sources */ = {isa = PBXBuildFile; fileRef = D217B31C1EF3453500785F88 /* PetDetailsTableViewController.swift */; };
		D217B3231EF36F7400785F88 /* OwnerScheduleTableViewController.swift in Sources */ = {isa = PBXBuildFile; fileRef = D217B3221EF36F7400785F88 /* OwnerScheduleTableViewController.swift */; };
		D217B3251EF36FBD00785F88 /* CreateScheduleViewController.swift in Sources */ = {isa = PBXBuildFile; fileRef = D217B3241EF36FBD00785F88 /* CreateScheduleViewController.swift */; };
		D21CEF611EF3014200DF8602 /* EditPetViewController.swift in Sources */ = {isa = PBXBuildFile; fileRef = D21CEF601EF3014200DF8602 /* EditPetViewController.swift */; };
		D21CEF631EF3015800DF8602 /* EditOwnerViewController.swift in Sources */ = {isa = PBXBuildFile; fileRef = D21CEF621EF3015800DF8602 /* EditOwnerViewController.swift */; };
		D226B69A1EF4FFD500105673 /* OwnerScheudlesTableViewCell.swift in Sources */ = {isa = PBXBuildFile; fileRef = D226B6991EF4FFD500105673 /* OwnerScheudlesTableViewCell.swift */; };
		D23F47791EFF75C400797B5E /* UserModel.swift in Sources */ = {isa = PBXBuildFile; fileRef = D23F47781EFF75C400797B5E /* UserModel.swift */; };
		D23F477B1EFF828600797B5E /* ScheduleModel.swift in Sources */ = {isa = PBXBuildFile; fileRef = D23F477A1EFF828600797B5E /* ScheduleModel.swift */; };
		D23F477D1EFF88B400797B5E /* PetModel.swift in Sources */ = {isa = PBXBuildFile; fileRef = D23F477C1EFF88B400797B5E /* PetModel.swift */; };
		D23FE2211EF4472700636F8F /* ClientPetTableViewController.swift in Sources */ = {isa = PBXBuildFile; fileRef = D23FE2201EF4472700636F8F /* ClientPetTableViewController.swift */; };
		D27072331EF0ED720073501E /* WelcomeViewController.swift in Sources */ = {isa = PBXBuildFile; fileRef = D27072321EF0ED720073501E /* WelcomeViewController.swift */; };
		D27072351EF0F6410073501E /* Assets.xcassets in Resources */ = {isa = PBXBuildFile; fileRef = D27072341EF0F6410073501E /* Assets.xcassets */; };
		D27E9CB01EF3884900377A72 /* WalkerHome.storyboard in Resources */ = {isa = PBXBuildFile; fileRef = D27E9CAF1EF3884900377A72 /* WalkerHome.storyboard */; };
		D27E9CBA1EF3984B00377A72 /* WalkerEditScheduleViewController.swift in Sources */ = {isa = PBXBuildFile; fileRef = D27E9CB91EF3984B00377A72 /* WalkerEditScheduleViewController.swift */; };
		D27E9CBC1EF39EFA00377A72 /* WalkerScheduleDetailsTableViewController.swift in Sources */ = {isa = PBXBuildFile; fileRef = D27E9CBB1EF39EFA00377A72 /* WalkerScheduleDetailsTableViewController.swift */; };
		D27E9CBE1EF39F3800377A72 /* WalkerSchedulesTableViewController.swift in Sources */ = {isa = PBXBuildFile; fileRef = D27E9CBD1EF39F3800377A72 /* WalkerSchedulesTableViewController.swift */; };
		D27E9CC11EF39FBA00377A72 /* ClientsTableViewController.swift in Sources */ = {isa = PBXBuildFile; fileRef = D27E9CC01EF39FBA00377A72 /* ClientsTableViewController.swift */; };
		D27E9CC51EF3A0D900377A72 /* ClientProfileTableViewController.swift in Sources */ = {isa = PBXBuildFile; fileRef = D27E9CC41EF3A0D900377A72 /* ClientProfileTableViewController.swift */; };
		D27F61F51EF1A7E4006258AA /* PetProfileViewController.swift in Sources */ = {isa = PBXBuildFile; fileRef = D27F61F41EF1A7E4006258AA /* PetProfileViewController.swift */; };
		D28A93BD1EE4F03D00CF80B6 /* AppDelegate.swift in Sources */ = {isa = PBXBuildFile; fileRef = D28A93BC1EE4F03D00CF80B6 /* AppDelegate.swift */; };
		D28A93C41EE4F03D00CF80B6 /* Main.storyboard in Resources */ = {isa = PBXBuildFile; fileRef = D28A93C21EE4F03D00CF80B6 /* Main.storyboard */; };
		D28A93C91EE4F03D00CF80B6 /* LaunchScreen.storyboard in Resources */ = {isa = PBXBuildFile; fileRef = D28A93C71EE4F03D00CF80B6 /* LaunchScreen.storyboard */; };
		D28A93D41EE4F03D00CF80B6 /* The_Dog_WalkerTests.swift in Sources */ = {isa = PBXBuildFile; fileRef = D28A93D31EE4F03D00CF80B6 /* The_Dog_WalkerTests.swift */; };
		D28A93DF1EE4F03D00CF80B6 /* The_Dog_WalkerUITests.swift in Sources */ = {isa = PBXBuildFile; fileRef = D28A93DE1EE4F03D00CF80B6 /* The_Dog_WalkerUITests.swift */; };
		D28DFC971EEF5AAA001040B9 /* OwnerProfile.storyboard in Resources */ = {isa = PBXBuildFile; fileRef = D28DFC961EEF5AAA001040B9 /* OwnerProfile.storyboard */; };
		D29205901EEF8CCD008F49F6 /* RegisterViewController.swift in Sources */ = {isa = PBXBuildFile; fileRef = D292058F1EEF8CCD008F49F6 /* RegisterViewController.swift */; };
		D29F246E1EFCC5CE005A18FA /* RegisterVCDelegateExtensions.swift in Sources */ = {isa = PBXBuildFile; fileRef = D29F246D1EFCC5CE005A18FA /* RegisterVCDelegateExtensions.swift */; };
		D29F24701EFCD32D005A18FA /* PetRegisterVCDelegateExtenstions.swift in Sources */ = {isa = PBXBuildFile; fileRef = D29F246F1EFCD32D005A18FA /* PetRegisterVCDelegateExtenstions.swift */; };
		D2A058CC1F034B3100972CD0 /* ProfilesViewController.swift in Sources */ = {isa = PBXBuildFile; fileRef = D2A058CB1F034B3100972CD0 /* ProfilesViewController.swift */; };
		D2AB901F1EF4565900A05FEE /* OwnerProfileTableViewController.swift in Sources */ = {isa = PBXBuildFile; fileRef = D2AB901E1EF4565900A05FEE /* OwnerProfileTableViewController.swift */; };
		D2AB90211EF4584A00A05FEE /* WalkerSchedules.storyboard in Resources */ = {isa = PBXBuildFile; fileRef = D2AB90201EF4584A00A05FEE /* WalkerSchedules.storyboard */; };
		D2B1BFB11EF5865B00CEAF3E /* Users.swift in Sources */ = {isa = PBXBuildFile; fileRef = D2B1BFB01EF5865B00CEAF3E /* Users.swift */; };
		D2B1BFB51EF58BD600CEAF3E /* PetData.swift in Sources */ = {isa = PBXBuildFile; fileRef = D2B1BFB41EF58BD600CEAF3E /* PetData.swift */; };
		D2B1BFB71EF58E4900CEAF3E /* ScheduleData.swift in Sources */ = {isa = PBXBuildFile; fileRef = D2B1BFB61EF58E4900CEAF3E /* ScheduleData.swift */; };
		D2B1BFBA1EF5A06C00CEAF3E /* FieldValidation.swift in Sources */ = {isa = PBXBuildFile; fileRef = D2B1BFB91EF5A06C00CEAF3E /* FieldValidation.swift */; };
		D2B653E51F0C45E1008EF4AC /* CreateScheduleExtension.swift in Sources */ = {isa = PBXBuildFile; fileRef = D2B653E41F0C45E1008EF4AC /* CreateScheduleExtension.swift */; };
		D2C5FABB1EF4C83D006BB572 /* WalkerProfileTableViewController.swift in Sources */ = {isa = PBXBuildFile; fileRef = D2C5FABA1EF4C83D006BB572 /* WalkerProfileTableViewController.swift */; };
		D2C5FABD1EF4C859006BB572 /* WalkerEditProfileViewController.swift in Sources */ = {isa = PBXBuildFile; fileRef = D2C5FABC1EF4C859006BB572 /* WalkerEditProfileViewController.swift */; };
		D2C5FABF1EF4CB09006BB572 /* OwnerScheudleDetailsTableViewController.swift in Sources */ = {isa = PBXBuildFile; fileRef = D2C5FABE1EF4CB09006BB572 /* OwnerScheudleDetailsTableViewController.swift */; };
		D2C5FAC31EF4CFE3006BB572 /* OwnerEditScheduleViewController.swift in Sources */ = {isa = PBXBuildFile; fileRef = D2C5FAC21EF4CFE3006BB572 /* OwnerEditScheduleViewController.swift */; };
		D2C8F1921EE57E7700F7AC65 /* GoogleService-Info.plist in Resources */ = {isa = PBXBuildFile; fileRef = D2C8F1911EE57E7700F7AC65 /* GoogleService-Info.plist */; };
		D2C8F1991EE584A900F7AC65 /* LoginViewController.swift in Sources */ = {isa = PBXBuildFile; fileRef = D2C8F1981EE584A900F7AC65 /* LoginViewController.swift */; };
		D2D4E64E1EEF0EB000FB7A7C /* Register.storyboard in Resources */ = {isa = PBXBuildFile; fileRef = D2D4E64D1EEF0EB000FB7A7C /* Register.storyboard */; };
		D2D4E6501EEF191200FB7A7C /* PetRegisterViewController.swift in Sources */ = {isa = PBXBuildFile; fileRef = D2D4E64F1EEF191200FB7A7C /* PetRegisterViewController.swift */; };
		D2D52F391F049EA20023D7A2 /* Extension.swift in Sources */ = {isa = PBXBuildFile; fileRef = D2D52F381F049EA20023D7A2 /* Extension.swift */; };
		D2D52F3C1F04B5880023D7A2 /* RegisterVCFunctionalityExtension.swift in Sources */ = {isa = PBXBuildFile; fileRef = D2D52F3B1F04B5880023D7A2 /* RegisterVCFunctionalityExtension.swift */; };
		D2D731D71F1D133A001CA296 /* ScheduleViewController.swift in Sources */ = {isa = PBXBuildFile; fileRef = D2D731D61F1D133A001CA296 /* ScheduleViewController.swift */; };
		D2D9E23E1F07549F00699118 /* PetRegisterFunctionalityExt.swift in Sources */ = {isa = PBXBuildFile; fileRef = D2D9E23D1F07549F00699118 /* PetRegisterFunctionalityExt.swift */; };
/* End PBXBuildFile section */

/* Begin PBXContainerItemProxy section */
		D28A93D01EE4F03D00CF80B6 /* PBXContainerItemProxy */ = {
			isa = PBXContainerItemProxy;
			containerPortal = D28A93B11EE4F03D00CF80B6 /* Project object */;
			proxyType = 1;
			remoteGlobalIDString = D28A93B81EE4F03D00CF80B6;
			remoteInfo = "The Dog Walker";
		};
		D28A93DB1EE4F03D00CF80B6 /* PBXContainerItemProxy */ = {
			isa = PBXContainerItemProxy;
			containerPortal = D28A93B11EE4F03D00CF80B6 /* Project object */;
			proxyType = 1;
			remoteGlobalIDString = D28A93B81EE4F03D00CF80B6;
			remoteInfo = "The Dog Walker";
		};
/* End PBXContainerItemProxy section */

/* Begin PBXFileReference section */
		1EABD0474B655656272A14A8 /* Pods_The_Dog_Walker.framework */ = {isa = PBXFileReference; explicitFileType = wrapper.framework; includeInIndex = 0; path = Pods_The_Dog_Walker.framework; sourceTree = BUILT_PRODUCTS_DIR; };
		4E8ACEA42328741DF66CE40F /* Pods-The Dog Walker.release.xcconfig */ = {isa = PBXFileReference; includeInIndex = 1; lastKnownFileType = text.xcconfig; name = "Pods-The Dog Walker.release.xcconfig"; path = "Pods/Target Support Files/Pods-The Dog Walker/Pods-The Dog Walker.release.xcconfig"; sourceTree = "<group>"; };
		6B3BA7C8AA72F12D683E3AFA /* Pods-The Dog WalkerUITests.release.xcconfig */ = {isa = PBXFileReference; includeInIndex = 1; lastKnownFileType = text.xcconfig; name = "Pods-The Dog WalkerUITests.release.xcconfig"; path = "Pods/Target Support Files/Pods-The Dog WalkerUITests/Pods-The Dog WalkerUITests.release.xcconfig"; sourceTree = "<group>"; };
		89BEECA7D67CACE5DBAD6596 /* Pods-The Dog WalkerTests.debug.xcconfig */ = {isa = PBXFileReference; includeInIndex = 1; lastKnownFileType = text.xcconfig; name = "Pods-The Dog WalkerTests.debug.xcconfig"; path = "Pods/Target Support Files/Pods-The Dog WalkerTests/Pods-The Dog WalkerTests.debug.xcconfig"; sourceTree = "<group>"; };
		8CC72B7D6AEA19ACDFE2BD3D /* Pods_The_Dog_WalkerTests.framework */ = {isa = PBXFileReference; explicitFileType = wrapper.framework; includeInIndex = 0; path = Pods_The_Dog_WalkerTests.framework; sourceTree = BUILT_PRODUCTS_DIR; };
		8E4B4B925FA6CEFEEB937A1A /* Pods-The Dog Walker.debug.xcconfig */ = {isa = PBXFileReference; includeInIndex = 1; lastKnownFileType = text.xcconfig; name = "Pods-The Dog Walker.debug.xcconfig"; path = "Pods/Target Support Files/Pods-The Dog Walker/Pods-The Dog Walker.debug.xcconfig"; sourceTree = "<group>"; };
		B990290895BC53A9E6AB6124 /* Pods-The Dog WalkerUITests.debug.xcconfig */ = {isa = PBXFileReference; includeInIndex = 1; lastKnownFileType = text.xcconfig; name = "Pods-The Dog WalkerUITests.debug.xcconfig"; path = "Pods/Target Support Files/Pods-The Dog WalkerUITests/Pods-The Dog WalkerUITests.debug.xcconfig"; sourceTree = "<group>"; };
		BBD50859B30E6E531A33F557 /* Pods_The_Dog_WalkerUITests.framework */ = {isa = PBXFileReference; explicitFileType = wrapper.framework; includeInIndex = 0; path = Pods_The_Dog_WalkerUITests.framework; sourceTree = BUILT_PRODUCTS_DIR; };
		D207874E1F0BE80C00941955 /* Constants.swift */ = {isa = PBXFileReference; fileEncoding = 4; lastKnownFileType = sourcecode.swift; path = Constants.swift; sourceTree = "<group>"; };
		D216AA581EF8C26900FE5C15 /* The Dog Walker.entitlements */ = {isa = PBXFileReference; lastKnownFileType = text.plist.entitlements; path = "The Dog Walker.entitlements"; sourceTree = "<group>"; };
		D217B31C1EF3453500785F88 /* PetDetailsTableViewController.swift */ = {isa = PBXFileReference; fileEncoding = 4; lastKnownFileType = sourcecode.swift; path = PetDetailsTableViewController.swift; sourceTree = "<group>"; };
		D217B3221EF36F7400785F88 /* OwnerScheduleTableViewController.swift */ = {isa = PBXFileReference; fileEncoding = 4; lastKnownFileType = sourcecode.swift; path = OwnerScheduleTableViewController.swift; sourceTree = "<group>"; };
		D217B3241EF36FBD00785F88 /* CreateScheduleViewController.swift */ = {isa = PBXFileReference; fileEncoding = 4; lastKnownFileType = sourcecode.swift; path = CreateScheduleViewController.swift; sourceTree = "<group>"; };
		D21CEF601EF3014200DF8602 /* EditPetViewController.swift */ = {isa = PBXFileReference; fileEncoding = 4; lastKnownFileType = sourcecode.swift; path = EditPetViewController.swift; sourceTree = "<group>"; };
		D21CEF621EF3015800DF8602 /* EditOwnerViewController.swift */ = {isa = PBXFileReference; fileEncoding = 4; lastKnownFileType = sourcecode.swift; path = EditOwnerViewController.swift; sourceTree = "<group>"; };
		D226B6991EF4FFD500105673 /* OwnerScheudlesTableViewCell.swift */ = {isa = PBXFileReference; fileEncoding = 4; lastKnownFileType = sourcecode.swift; path = OwnerScheudlesTableViewCell.swift; sourceTree = "<group>"; };
		D23F47781EFF75C400797B5E /* UserModel.swift */ = {isa = PBXFileReference; fileEncoding = 4; lastKnownFileType = sourcecode.swift; path = UserModel.swift; sourceTree = "<group>"; };
		D23F477A1EFF828600797B5E /* ScheduleModel.swift */ = {isa = PBXFileReference; fileEncoding = 4; lastKnownFileType = sourcecode.swift; path = ScheduleModel.swift; sourceTree = "<group>"; };
		D23F477C1EFF88B400797B5E /* PetModel.swift */ = {isa = PBXFileReference; fileEncoding = 4; lastKnownFileType = sourcecode.swift; path = PetModel.swift; sourceTree = "<group>"; };
		D23FE2201EF4472700636F8F /* ClientPetTableViewController.swift */ = {isa = PBXFileReference; fileEncoding = 4; lastKnownFileType = sourcecode.swift; path = ClientPetTableViewController.swift; sourceTree = "<group>"; };
		D27072321EF0ED720073501E /* WelcomeViewController.swift */ = {isa = PBXFileReference; fileEncoding = 4; lastKnownFileType = sourcecode.swift; path = WelcomeViewController.swift; sourceTree = "<group>"; };
		D27072341EF0F6410073501E /* Assets.xcassets */ = {isa = PBXFileReference; lastKnownFileType = folder.assetcatalog; path = Assets.xcassets; sourceTree = "<group>"; };
		D27E9CAF1EF3884900377A72 /* WalkerHome.storyboard */ = {isa = PBXFileReference; fileEncoding = 4; lastKnownFileType = file.storyboard; path = WalkerHome.storyboard; sourceTree = "<group>"; };
		D27E9CB91EF3984B00377A72 /* WalkerEditScheduleViewController.swift */ = {isa = PBXFileReference; fileEncoding = 4; lastKnownFileType = sourcecode.swift; path = WalkerEditScheduleViewController.swift; sourceTree = "<group>"; };
		D27E9CBB1EF39EFA00377A72 /* WalkerScheduleDetailsTableViewController.swift */ = {isa = PBXFileReference; fileEncoding = 4; lastKnownFileType = sourcecode.swift; path = WalkerScheduleDetailsTableViewController.swift; sourceTree = "<group>"; };
		D27E9CBD1EF39F3800377A72 /* WalkerSchedulesTableViewController.swift */ = {isa = PBXFileReference; fileEncoding = 4; lastKnownFileType = sourcecode.swift; path = WalkerSchedulesTableViewController.swift; sourceTree = "<group>"; };
		D27E9CC01EF39FBA00377A72 /* ClientsTableViewController.swift */ = {isa = PBXFileReference; fileEncoding = 4; lastKnownFileType = sourcecode.swift; path = ClientsTableViewController.swift; sourceTree = "<group>"; };
		D27E9CC41EF3A0D900377A72 /* ClientProfileTableViewController.swift */ = {isa = PBXFileReference; fileEncoding = 4; lastKnownFileType = sourcecode.swift; path = ClientProfileTableViewController.swift; sourceTree = "<group>"; };
		D27F61F41EF1A7E4006258AA /* PetProfileViewController.swift */ = {isa = PBXFileReference; fileEncoding = 4; lastKnownFileType = sourcecode.swift; path = PetProfileViewController.swift; sourceTree = "<group>"; };
		D28A93B91EE4F03D00CF80B6 /* The Dog Walker.app */ = {isa = PBXFileReference; explicitFileType = wrapper.application; includeInIndex = 0; path = "The Dog Walker.app"; sourceTree = BUILT_PRODUCTS_DIR; };
		D28A93BC1EE4F03D00CF80B6 /* AppDelegate.swift */ = {isa = PBXFileReference; lastKnownFileType = sourcecode.swift; path = AppDelegate.swift; sourceTree = "<group>"; };
		D28A93C31EE4F03D00CF80B6 /* Base */ = {isa = PBXFileReference; lastKnownFileType = file.storyboard; name = Base; path = Base.lproj/Main.storyboard; sourceTree = "<group>"; };
		D28A93C81EE4F03D00CF80B6 /* Base */ = {isa = PBXFileReference; lastKnownFileType = file.storyboard; name = Base; path = Base.lproj/LaunchScreen.storyboard; sourceTree = "<group>"; };
		D28A93CA1EE4F03D00CF80B6 /* Info.plist */ = {isa = PBXFileReference; lastKnownFileType = text.plist.xml; path = Info.plist; sourceTree = "<group>"; };
		D28A93CF1EE4F03D00CF80B6 /* The Dog WalkerTests.xctest */ = {isa = PBXFileReference; explicitFileType = wrapper.cfbundle; includeInIndex = 0; path = "The Dog WalkerTests.xctest"; sourceTree = BUILT_PRODUCTS_DIR; };
		D28A93D31EE4F03D00CF80B6 /* The_Dog_WalkerTests.swift */ = {isa = PBXFileReference; lastKnownFileType = sourcecode.swift; path = The_Dog_WalkerTests.swift; sourceTree = "<group>"; };
		D28A93D51EE4F03D00CF80B6 /* Info.plist */ = {isa = PBXFileReference; lastKnownFileType = text.plist.xml; path = Info.plist; sourceTree = "<group>"; };
		D28A93DA1EE4F03D00CF80B6 /* The Dog WalkerUITests.xctest */ = {isa = PBXFileReference; explicitFileType = wrapper.cfbundle; includeInIndex = 0; path = "The Dog WalkerUITests.xctest"; sourceTree = BUILT_PRODUCTS_DIR; };
		D28A93DE1EE4F03D00CF80B6 /* The_Dog_WalkerUITests.swift */ = {isa = PBXFileReference; lastKnownFileType = sourcecode.swift; path = The_Dog_WalkerUITests.swift; sourceTree = "<group>"; };
		D28A93E01EE4F03D00CF80B6 /* Info.plist */ = {isa = PBXFileReference; lastKnownFileType = text.plist.xml; path = Info.plist; sourceTree = "<group>"; };
		D28DFC961EEF5AAA001040B9 /* OwnerProfile.storyboard */ = {isa = PBXFileReference; fileEncoding = 4; lastKnownFileType = file.storyboard; path = OwnerProfile.storyboard; sourceTree = "<group>"; };
		D292058F1EEF8CCD008F49F6 /* RegisterViewController.swift */ = {isa = PBXFileReference; fileEncoding = 4; lastKnownFileType = sourcecode.swift; path = RegisterViewController.swift; sourceTree = "<group>"; };
		D29F246D1EFCC5CE005A18FA /* RegisterVCDelegateExtensions.swift */ = {isa = PBXFileReference; fileEncoding = 4; lastKnownFileType = sourcecode.swift; path = RegisterVCDelegateExtensions.swift; sourceTree = "<group>"; };
		D29F246F1EFCD32D005A18FA /* PetRegisterVCDelegateExtenstions.swift */ = {isa = PBXFileReference; fileEncoding = 4; lastKnownFileType = sourcecode.swift; path = PetRegisterVCDelegateExtenstions.swift; sourceTree = "<group>"; };
		D2A058CB1F034B3100972CD0 /* ProfilesViewController.swift */ = {isa = PBXFileReference; fileEncoding = 4; lastKnownFileType = sourcecode.swift; path = ProfilesViewController.swift; sourceTree = "<group>"; };
		D2AB901E1EF4565900A05FEE /* OwnerProfileTableViewController.swift */ = {isa = PBXFileReference; fileEncoding = 4; lastKnownFileType = sourcecode.swift; path = OwnerProfileTableViewController.swift; sourceTree = "<group>"; };
		D2AB90201EF4584A00A05FEE /* WalkerSchedules.storyboard */ = {isa = PBXFileReference; fileEncoding = 4; lastKnownFileType = file.storyboard; path = WalkerSchedules.storyboard; sourceTree = "<group>"; };
		D2B1BFB01EF5865B00CEAF3E /* Users.swift */ = {isa = PBXFileReference; fileEncoding = 4; lastKnownFileType = sourcecode.swift; path = Users.swift; sourceTree = "<group>"; };
		D2B1BFB41EF58BD600CEAF3E /* PetData.swift */ = {isa = PBXFileReference; fileEncoding = 4; lastKnownFileType = sourcecode.swift; path = PetData.swift; sourceTree = "<group>"; };
		D2B1BFB61EF58E4900CEAF3E /* ScheduleData.swift */ = {isa = PBXFileReference; fileEncoding = 4; lastKnownFileType = sourcecode.swift; path = ScheduleData.swift; sourceTree = "<group>"; };
		D2B1BFB91EF5A06C00CEAF3E /* FieldValidation.swift */ = {isa = PBXFileReference; fileEncoding = 4; lastKnownFileType = sourcecode.swift; path = FieldValidation.swift; sourceTree = "<group>"; };
		D2B653E41F0C45E1008EF4AC /* CreateScheduleExtension.swift */ = {isa = PBXFileReference; fileEncoding = 4; lastKnownFileType = sourcecode.swift; path = CreateScheduleExtension.swift; sourceTree = "<group>"; };
		D2C5FABA1EF4C83D006BB572 /* WalkerProfileTableViewController.swift */ = {isa = PBXFileReference; fileEncoding = 4; lastKnownFileType = sourcecode.swift; path = WalkerProfileTableViewController.swift; sourceTree = "<group>"; };
		D2C5FABC1EF4C859006BB572 /* WalkerEditProfileViewController.swift */ = {isa = PBXFileReference; fileEncoding = 4; lastKnownFileType = sourcecode.swift; path = WalkerEditProfileViewController.swift; sourceTree = "<group>"; };
		D2C5FABE1EF4CB09006BB572 /* OwnerScheudleDetailsTableViewController.swift */ = {isa = PBXFileReference; fileEncoding = 4; lastKnownFileType = sourcecode.swift; path = OwnerScheudleDetailsTableViewController.swift; sourceTree = "<group>"; };
		D2C5FAC21EF4CFE3006BB572 /* OwnerEditScheduleViewController.swift */ = {isa = PBXFileReference; fileEncoding = 4; lastKnownFileType = sourcecode.swift; path = OwnerEditScheduleViewController.swift; sourceTree = "<group>"; };
		D2C8F1911EE57E7700F7AC65 /* GoogleService-Info.plist */ = {isa = PBXFileReference; fileEncoding = 4; lastKnownFileType = text.plist.xml; path = "GoogleService-Info.plist"; sourceTree = "<group>"; };
		D2C8F1981EE584A900F7AC65 /* LoginViewController.swift */ = {isa = PBXFileReference; fileEncoding = 4; lastKnownFileType = sourcecode.swift; path = LoginViewController.swift; sourceTree = "<group>"; };
		D2D4E64D1EEF0EB000FB7A7C /* Register.storyboard */ = {isa = PBXFileReference; fileEncoding = 4; lastKnownFileType = file.storyboard; path = Register.storyboard; sourceTree = "<group>"; };
		D2D4E64F1EEF191200FB7A7C /* PetRegisterViewController.swift */ = {isa = PBXFileReference; fileEncoding = 4; lastKnownFileType = sourcecode.swift; path = PetRegisterViewController.swift; sourceTree = "<group>"; };
		D2D52F381F049EA20023D7A2 /* Extension.swift */ = {isa = PBXFileReference; fileEncoding = 4; lastKnownFileType = sourcecode.swift; path = Extension.swift; sourceTree = "<group>"; };
		D2D52F3B1F04B5880023D7A2 /* RegisterVCFunctionalityExtension.swift */ = {isa = PBXFileReference; fileEncoding = 4; lastKnownFileType = sourcecode.swift; path = RegisterVCFunctionalityExtension.swift; sourceTree = "<group>"; };
		D2D731D61F1D133A001CA296 /* ScheduleViewController.swift */ = {isa = PBXFileReference; fileEncoding = 4; lastKnownFileType = sourcecode.swift; path = ScheduleViewController.swift; sourceTree = "<group>"; };
		D2D9E23D1F07549F00699118 /* PetRegisterFunctionalityExt.swift */ = {isa = PBXFileReference; fileEncoding = 4; lastKnownFileType = sourcecode.swift; path = PetRegisterFunctionalityExt.swift; sourceTree = "<group>"; };
		F0C9348669850476B9913E50 /* Pods-The Dog WalkerTests.release.xcconfig */ = {isa = PBXFileReference; includeInIndex = 1; lastKnownFileType = text.xcconfig; name = "Pods-The Dog WalkerTests.release.xcconfig"; path = "Pods/Target Support Files/Pods-The Dog WalkerTests/Pods-The Dog WalkerTests.release.xcconfig"; sourceTree = "<group>"; };
/* End PBXFileReference section */

/* Begin PBXFrameworksBuildPhase section */
		D28A93B61EE4F03D00CF80B6 /* Frameworks */ = {
			isa = PBXFrameworksBuildPhase;
			buildActionMask = 2147483647;
			files = (
				3AA18333D5948C691D4DEB3B /* Pods_The_Dog_Walker.framework in Frameworks */,
			);
			runOnlyForDeploymentPostprocessing = 0;
		};
		D28A93CC1EE4F03D00CF80B6 /* Frameworks */ = {
			isa = PBXFrameworksBuildPhase;
			buildActionMask = 2147483647;
			files = (
				9D70D9A70E9E8ADBE05ACE6D /* Pods_The_Dog_WalkerTests.framework in Frameworks */,
			);
			runOnlyForDeploymentPostprocessing = 0;
		};
		D28A93D71EE4F03D00CF80B6 /* Frameworks */ = {
			isa = PBXFrameworksBuildPhase;
			buildActionMask = 2147483647;
			files = (
				75C1E6C5D93C444FBB170ED7 /* Pods_The_Dog_WalkerUITests.framework in Frameworks */,
			);
			runOnlyForDeploymentPostprocessing = 0;
		};
/* End PBXFrameworksBuildPhase section */

/* Begin PBXGroup section */
		9B319BF6BAA038CFDB91CB58 /* Frameworks */ = {
			isa = PBXGroup;
			children = (
				1EABD0474B655656272A14A8 /* Pods_The_Dog_Walker.framework */,
				8CC72B7D6AEA19ACDFE2BD3D /* Pods_The_Dog_WalkerTests.framework */,
				BBD50859B30E6E531A33F557 /* Pods_The_Dog_WalkerUITests.framework */,
			);
			name = Frameworks;
			sourceTree = "<group>";
		};
		C38315BC1B92ED90E8C7C6CD /* Pods */ = {
			isa = PBXGroup;
			children = (
				8E4B4B925FA6CEFEEB937A1A /* Pods-The Dog Walker.debug.xcconfig */,
				4E8ACEA42328741DF66CE40F /* Pods-The Dog Walker.release.xcconfig */,
				89BEECA7D67CACE5DBAD6596 /* Pods-The Dog WalkerTests.debug.xcconfig */,
				F0C9348669850476B9913E50 /* Pods-The Dog WalkerTests.release.xcconfig */,
				B990290895BC53A9E6AB6124 /* Pods-The Dog WalkerUITests.debug.xcconfig */,
				6B3BA7C8AA72F12D683E3AFA /* Pods-The Dog WalkerUITests.release.xcconfig */,
			);
			name = Pods;
			sourceTree = "<group>";
		};
		D217B3201EF36DF100785F88 /* Owner */ = {
			isa = PBXGroup;
			children = (
				D27F61F41EF1A7E4006258AA /* PetProfileViewController.swift */,
				D217B31C1EF3453500785F88 /* PetDetailsTableViewController.swift */,
				D2AB901E1EF4565900A05FEE /* OwnerProfileTableViewController.swift */,
				D21CEF601EF3014200DF8602 /* EditPetViewController.swift */,
				D21CEF621EF3015800DF8602 /* EditOwnerViewController.swift */,
			);
			name = Owner;
			sourceTree = "<group>";
		};
		D217B3211EF36F5100785F88 /* OwnerSchedules */ = {
			isa = PBXGroup;
			children = (
				D217B3221EF36F7400785F88 /* OwnerScheduleTableViewController.swift */,
				D217B3241EF36FBD00785F88 /* CreateScheduleViewController.swift */,
				D2B653E41F0C45E1008EF4AC /* CreateScheduleExtension.swift */,
				D2C5FABE1EF4CB09006BB572 /* OwnerScheudleDetailsTableViewController.swift */,
				D2C5FAC21EF4CFE3006BB572 /* OwnerEditScheduleViewController.swift */,
				D226B6991EF4FFD500105673 /* OwnerScheudlesTableViewCell.swift */,
				D2D731D61F1D133A001CA296 /* ScheduleViewController.swift */,
			);
			name = OwnerSchedules;
			sourceTree = "<group>";
		};
		D27E9CB11EF38C8D00377A72 /* WalkerHome */ = {
			isa = PBXGroup;
			children = (
				D27E9CB41EF391FF00377A72 /* WalkerSchedules */,
				D27E9CBF1EF39F9900377A72 /* WalkerClients */,
				D2C5FAB91EF4C821006BB572 /* WalkerProfile */,
				D27E9CAF1EF3884900377A72 /* WalkerHome.storyboard */,
			);
			name = WalkerHome;
			sourceTree = "<group>";
		};
		D27E9CB41EF391FF00377A72 /* WalkerSchedules */ = {
			isa = PBXGroup;
			children = (
				D27E9CBD1EF39F3800377A72 /* WalkerSchedulesTableViewController.swift */,
				D27E9CBB1EF39EFA00377A72 /* WalkerScheduleDetailsTableViewController.swift */,
				D27E9CB91EF3984B00377A72 /* WalkerEditScheduleViewController.swift */,
				D2AB90201EF4584A00A05FEE /* WalkerSchedules.storyboard */,
			);
			name = WalkerSchedules;
			sourceTree = "<group>";
		};
		D27E9CBF1EF39F9900377A72 /* WalkerClients */ = {
			isa = PBXGroup;
			children = (
				D27E9CC01EF39FBA00377A72 /* ClientsTableViewController.swift */,
				D2A058CB1F034B3100972CD0 /* ProfilesViewController.swift */,
				D27E9CC41EF3A0D900377A72 /* ClientProfileTableViewController.swift */,
				D23FE2201EF4472700636F8F /* ClientPetTableViewController.swift */,
			);
			name = WalkerClients;
			sourceTree = "<group>";
		};
		D27F61F71EF1B251006258AA /* OwnerProfile */ = {
			isa = PBXGroup;
			children = (
				D217B3201EF36DF100785F88 /* Owner */,
				D217B3211EF36F5100785F88 /* OwnerSchedules */,
				D28DFC961EEF5AAA001040B9 /* OwnerProfile.storyboard */,
			);
			name = OwnerProfile;
			sourceTree = "<group>";
		};
		D28A93B01EE4F03D00CF80B6 = {
			isa = PBXGroup;
			children = (
				D28A93BB1EE4F03D00CF80B6 /* The Dog Walker */,
				D28A93D21EE4F03D00CF80B6 /* The Dog WalkerTests */,
				D28A93DD1EE4F03D00CF80B6 /* The Dog WalkerUITests */,
				D28A93BA1EE4F03D00CF80B6 /* Products */,
				C38315BC1B92ED90E8C7C6CD /* Pods */,
				9B319BF6BAA038CFDB91CB58 /* Frameworks */,
			);
			sourceTree = "<group>";
		};
		D28A93BA1EE4F03D00CF80B6 /* Products */ = {
			isa = PBXGroup;
			children = (
				D28A93B91EE4F03D00CF80B6 /* The Dog Walker.app */,
				D28A93CF1EE4F03D00CF80B6 /* The Dog WalkerTests.xctest */,
				D28A93DA1EE4F03D00CF80B6 /* The Dog WalkerUITests.xctest */,
			);
			name = Products;
			sourceTree = "<group>";
		};
		D28A93BB1EE4F03D00CF80B6 /* The Dog Walker */ = {
			isa = PBXGroup;
			children = (
				D216AA581EF8C26900FE5C15 /* The Dog Walker.entitlements */,
				D27072341EF0F6410073501E /* Assets.xcassets */,
				D28A93BC1EE4F03D00CF80B6 /* AppDelegate.swift */,
				D2D52F3A1F04AA570023D7A2 /* Helpers */,
				D2B1BFAF1EF5864600CEAF3E /* DataModel */,
				D2C8F1971EE5848E00F7AC65 /* Login */,
				D2ECD9A61EEF2A2C00AC75E6 /* Register */,
				D27F61F71EF1B251006258AA /* OwnerProfile */,
				D27E9CB11EF38C8D00377A72 /* WalkerHome */,
				D28A93C71EE4F03D00CF80B6 /* LaunchScreen.storyboard */,
				D2C8F1931EE57FC500F7AC65 /* Info.plist */,
			);
			path = "The Dog Walker";
			sourceTree = "<group>";
		};
		D28A93D21EE4F03D00CF80B6 /* The Dog WalkerTests */ = {
			isa = PBXGroup;
			children = (
				D28A93D31EE4F03D00CF80B6 /* The_Dog_WalkerTests.swift */,
				D28A93D51EE4F03D00CF80B6 /* Info.plist */,
			);
			path = "The Dog WalkerTests";
			sourceTree = "<group>";
		};
		D28A93DD1EE4F03D00CF80B6 /* The Dog WalkerUITests */ = {
			isa = PBXGroup;
			children = (
				D28A93DE1EE4F03D00CF80B6 /* The_Dog_WalkerUITests.swift */,
				D28A93E01EE4F03D00CF80B6 /* Info.plist */,
			);
			path = "The Dog WalkerUITests";
			sourceTree = "<group>";
		};
		D2B1BFAF1EF5864600CEAF3E /* DataModel */ = {
			isa = PBXGroup;
			children = (
				D2B1BFB01EF5865B00CEAF3E /* Users.swift */,
				D2B1BFB41EF58BD600CEAF3E /* PetData.swift */,
				D2B1BFB61EF58E4900CEAF3E /* ScheduleData.swift */,
				D23F47781EFF75C400797B5E /* UserModel.swift */,
				D23F477A1EFF828600797B5E /* ScheduleModel.swift */,
				D23F477C1EFF88B400797B5E /* PetModel.swift */,
			);
			name = DataModel;
			sourceTree = "<group>";
		};
		D2C5FAB91EF4C821006BB572 /* WalkerProfile */ = {
			isa = PBXGroup;
			children = (
				D2C5FABA1EF4C83D006BB572 /* WalkerProfileTableViewController.swift */,
				D2C5FABC1EF4C859006BB572 /* WalkerEditProfileViewController.swift */,
			);
			name = WalkerProfile;
			sourceTree = "<group>";
		};
		D2C8F1931EE57FC500F7AC65 /* Info.plist */ = {
			isa = PBXGroup;
			children = (
				D28A93CA1EE4F03D00CF80B6 /* Info.plist */,
				D2C8F1911EE57E7700F7AC65 /* GoogleService-Info.plist */,
			);
			name = Info.plist;
			sourceTree = "<group>";
		};
		D2C8F1971EE5848E00F7AC65 /* Login */ = {
			isa = PBXGroup;
			children = (
				D2C8F1981EE584A900F7AC65 /* LoginViewController.swift */,
				D28A93C21EE4F03D00CF80B6 /* Main.storyboard */,
			);
			name = Login;
			sourceTree = "<group>";
		};
		D2D52F3A1F04AA570023D7A2 /* Helpers */ = {
			isa = PBXGroup;
			children = (
				D2B1BFB91EF5A06C00CEAF3E /* FieldValidation.swift */,
				D2D52F381F049EA20023D7A2 /* Extension.swift */,
				D207874E1F0BE80C00941955 /* Constants.swift */,
			);
			name = Helpers;
			sourceTree = "<group>";
		};
		D2D9E23F1F0754FA00699118 /* PetRegister */ = {
			isa = PBXGroup;
			children = (
				D2D4E64F1EEF191200FB7A7C /* PetRegisterViewController.swift */,
				D2D9E23D1F07549F00699118 /* PetRegisterFunctionalityExt.swift */,
				D29F246F1EFCD32D005A18FA /* PetRegisterVCDelegateExtenstions.swift */,
			);
			name = PetRegister;
			sourceTree = "<group>";
		};
		D2ECD9A61EEF2A2C00AC75E6 /* Register */ = {
			isa = PBXGroup;
			children = (
				D292058F1EEF8CCD008F49F6 /* RegisterViewController.swift */,
				D2D52F3B1F04B5880023D7A2 /* RegisterVCFunctionalityExtension.swift */,
				D29F246D1EFCC5CE005A18FA /* RegisterVCDelegateExtensions.swift */,
				D27072321EF0ED720073501E /* WelcomeViewController.swift */,
				D2D9E23F1F0754FA00699118 /* PetRegister */,
				D2D4E64D1EEF0EB000FB7A7C /* Register.storyboard */,
			);
			name = Register;
			sourceTree = "<group>";
		};
/* End PBXGroup section */

/* Begin PBXNativeTarget section */
		D28A93B81EE4F03D00CF80B6 /* The Dog Walker */ = {
			isa = PBXNativeTarget;
			buildConfigurationList = D28A93E31EE4F03D00CF80B6 /* Build configuration list for PBXNativeTarget "The Dog Walker" */;
			buildPhases = (
				82B939DABFF5ECEF6DC15AC4 /* [CP] Check Pods Manifest.lock */,
				D28A93B51EE4F03D00CF80B6 /* Sources */,
				D28A93B61EE4F03D00CF80B6 /* Frameworks */,
				D28A93B71EE4F03D00CF80B6 /* Resources */,
				219F078FCFB16DC53FC4D4D9 /* [CP] Embed Pods Frameworks */,
				D52B9ED139CC8B4B5E352F18 /* [CP] Copy Pods Resources */,
			);
			buildRules = (
			);
			dependencies = (
			);
			name = "The Dog Walker";
			productName = "The Dog Walker";
			productReference = D28A93B91EE4F03D00CF80B6 /* The Dog Walker.app */;
			productType = "com.apple.product-type.application";
		};
		D28A93CE1EE4F03D00CF80B6 /* The Dog WalkerTests */ = {
			isa = PBXNativeTarget;
			buildConfigurationList = D28A93E61EE4F03D00CF80B6 /* Build configuration list for PBXNativeTarget "The Dog WalkerTests" */;
			buildPhases = (
				5C825723C98D3447CA20DAAC /* [CP] Check Pods Manifest.lock */,
				D28A93CB1EE4F03D00CF80B6 /* Sources */,
				D28A93CC1EE4F03D00CF80B6 /* Frameworks */,
				D28A93CD1EE4F03D00CF80B6 /* Resources */,
				F5EC3F8697F681B113C99D0C /* [CP] Embed Pods Frameworks */,
				1E7C608CAA08352D08F20AC3 /* [CP] Copy Pods Resources */,
			);
			buildRules = (
			);
			dependencies = (
				D28A93D11EE4F03D00CF80B6 /* PBXTargetDependency */,
			);
			name = "The Dog WalkerTests";
			productName = "The Dog WalkerTests";
			productReference = D28A93CF1EE4F03D00CF80B6 /* The Dog WalkerTests.xctest */;
			productType = "com.apple.product-type.bundle.unit-test";
		};
		D28A93D91EE4F03D00CF80B6 /* The Dog WalkerUITests */ = {
			isa = PBXNativeTarget;
			buildConfigurationList = D28A93E91EE4F03D00CF80B6 /* Build configuration list for PBXNativeTarget "The Dog WalkerUITests" */;
			buildPhases = (
				0F15CEEC93AA42549C9DBB35 /* [CP] Check Pods Manifest.lock */,
				D28A93D61EE4F03D00CF80B6 /* Sources */,
				D28A93D71EE4F03D00CF80B6 /* Frameworks */,
				D28A93D81EE4F03D00CF80B6 /* Resources */,
				32AECB51A8480655707FBF23 /* [CP] Embed Pods Frameworks */,
				5B282BEC1A6A5E9A1A2D160A /* [CP] Copy Pods Resources */,
			);
			buildRules = (
			);
			dependencies = (
				D28A93DC1EE4F03D00CF80B6 /* PBXTargetDependency */,
			);
			name = "The Dog WalkerUITests";
			productName = "The Dog WalkerUITests";
			productReference = D28A93DA1EE4F03D00CF80B6 /* The Dog WalkerUITests.xctest */;
			productType = "com.apple.product-type.bundle.ui-testing";
		};
/* End PBXNativeTarget section */

/* Begin PBXProject section */
		D28A93B11EE4F03D00CF80B6 /* Project object */ = {
			isa = PBXProject;
			attributes = {
				LastSwiftUpdateCheck = 0830;
				LastUpgradeCheck = 0830;
				ORGANIZATIONNAME = "Scott O'Hara";
				TargetAttributes = {
					D28A93B81EE4F03D00CF80B6 = {
						CreatedOnToolsVersion = 8.3.2;
						DevelopmentTeam = 6VFLGS887N;
						ProvisioningStyle = Automatic;
						SystemCapabilities = {
							com.apple.ApplePay = {
								enabled = 1;
							};
						};
					};
					D28A93CE1EE4F03D00CF80B6 = {
						CreatedOnToolsVersion = 8.3.2;
						DevelopmentTeam = 6VFLGS887N;
						ProvisioningStyle = Automatic;
						TestTargetID = D28A93B81EE4F03D00CF80B6;
					};
					D28A93D91EE4F03D00CF80B6 = {
						CreatedOnToolsVersion = 8.3.2;
						DevelopmentTeam = 6VFLGS887N;
						ProvisioningStyle = Automatic;
						TestTargetID = D28A93B81EE4F03D00CF80B6;
					};
				};
			};
			buildConfigurationList = D28A93B41EE4F03D00CF80B6 /* Build configuration list for PBXProject "The Dog Walker" */;
			compatibilityVersion = "Xcode 3.2";
			developmentRegion = English;
			hasScannedForEncodings = 0;
			knownRegions = (
				en,
				Base,
			);
			mainGroup = D28A93B01EE4F03D00CF80B6;
			productRefGroup = D28A93BA1EE4F03D00CF80B6 /* Products */;
			projectDirPath = "";
			projectRoot = "";
			targets = (
				D28A93B81EE4F03D00CF80B6 /* The Dog Walker */,
				D28A93CE1EE4F03D00CF80B6 /* The Dog WalkerTests */,
				D28A93D91EE4F03D00CF80B6 /* The Dog WalkerUITests */,
			);
		};
/* End PBXProject section */

/* Begin PBXResourcesBuildPhase section */
		D28A93B71EE4F03D00CF80B6 /* Resources */ = {
			isa = PBXResourcesBuildPhase;
			buildActionMask = 2147483647;
			files = (
				D28A93C91EE4F03D00CF80B6 /* LaunchScreen.storyboard in Resources */,
				D27E9CB01EF3884900377A72 /* WalkerHome.storyboard in Resources */,
				D2C8F1921EE57E7700F7AC65 /* GoogleService-Info.plist in Resources */,
				D28A93C41EE4F03D00CF80B6 /* Main.storyboard in Resources */,
				D2D4E64E1EEF0EB000FB7A7C /* Register.storyboard in Resources */,
				D27072351EF0F6410073501E /* Assets.xcassets in Resources */,
				D28DFC971EEF5AAA001040B9 /* OwnerProfile.storyboard in Resources */,
				D2AB90211EF4584A00A05FEE /* WalkerSchedules.storyboard in Resources */,
			);
			runOnlyForDeploymentPostprocessing = 0;
		};
		D28A93CD1EE4F03D00CF80B6 /* Resources */ = {
			isa = PBXResourcesBuildPhase;
			buildActionMask = 2147483647;
			files = (
			);
			runOnlyForDeploymentPostprocessing = 0;
		};
		D28A93D81EE4F03D00CF80B6 /* Resources */ = {
			isa = PBXResourcesBuildPhase;
			buildActionMask = 2147483647;
			files = (
			);
			runOnlyForDeploymentPostprocessing = 0;
		};
/* End PBXResourcesBuildPhase section */

/* Begin PBXShellScriptBuildPhase section */
		0F15CEEC93AA42549C9DBB35 /* [CP] Check Pods Manifest.lock */ = {
			isa = PBXShellScriptBuildPhase;
			buildActionMask = 2147483647;
			files = (
			);
			inputPaths = (
			);
			name = "[CP] Check Pods Manifest.lock";
			outputPaths = (
			);
			runOnlyForDeploymentPostprocessing = 0;
			shellPath = /bin/sh;
			shellScript = "diff \"${PODS_ROOT}/../Podfile.lock\" \"${PODS_ROOT}/Manifest.lock\" > /dev/null\nif [ $? != 0 ] ; then\n    # print error to STDERR\n    echo \"error: The sandbox is not in sync with the Podfile.lock. Run 'pod install' or update your CocoaPods installation.\" >&2\n    exit 1\nfi\n";
			showEnvVarsInLog = 0;
		};
		1E7C608CAA08352D08F20AC3 /* [CP] Copy Pods Resources */ = {
			isa = PBXShellScriptBuildPhase;
			buildActionMask = 2147483647;
			files = (
			);
			inputPaths = (
			);
			name = "[CP] Copy Pods Resources";
			outputPaths = (
			);
			runOnlyForDeploymentPostprocessing = 0;
			shellPath = /bin/sh;
			shellScript = "\"${SRCROOT}/Pods/Target Support Files/Pods-The Dog WalkerTests/Pods-The Dog WalkerTests-resources.sh\"\n";
			showEnvVarsInLog = 0;
		};
		219F078FCFB16DC53FC4D4D9 /* [CP] Embed Pods Frameworks */ = {
			isa = PBXShellScriptBuildPhase;
			buildActionMask = 2147483647;
			files = (
			);
			inputPaths = (
			);
			name = "[CP] Embed Pods Frameworks";
			outputPaths = (
			);
			runOnlyForDeploymentPostprocessing = 0;
			shellPath = /bin/sh;
			shellScript = "\"${SRCROOT}/Pods/Target Support Files/Pods-The Dog Walker/Pods-The Dog Walker-frameworks.sh\"\n";
			showEnvVarsInLog = 0;
		};
		32AECB51A8480655707FBF23 /* [CP] Embed Pods Frameworks */ = {
			isa = PBXShellScriptBuildPhase;
			buildActionMask = 2147483647;
			files = (
			);
			inputPaths = (
			);
			name = "[CP] Embed Pods Frameworks";
			outputPaths = (
			);
			runOnlyForDeploymentPostprocessing = 0;
			shellPath = /bin/sh;
			shellScript = "\"${SRCROOT}/Pods/Target Support Files/Pods-The Dog WalkerUITests/Pods-The Dog WalkerUITests-frameworks.sh\"\n";
			showEnvVarsInLog = 0;
		};
		5B282BEC1A6A5E9A1A2D160A /* [CP] Copy Pods Resources */ = {
			isa = PBXShellScriptBuildPhase;
			buildActionMask = 2147483647;
			files = (
			);
			inputPaths = (
			);
			name = "[CP] Copy Pods Resources";
			outputPaths = (
			);
			runOnlyForDeploymentPostprocessing = 0;
			shellPath = /bin/sh;
			shellScript = "\"${SRCROOT}/Pods/Target Support Files/Pods-The Dog WalkerUITests/Pods-The Dog WalkerUITests-resources.sh\"\n";
			showEnvVarsInLog = 0;
		};
		5C825723C98D3447CA20DAAC /* [CP] Check Pods Manifest.lock */ = {
			isa = PBXShellScriptBuildPhase;
			buildActionMask = 2147483647;
			files = (
			);
			inputPaths = (
			);
			name = "[CP] Check Pods Manifest.lock";
			outputPaths = (
			);
			runOnlyForDeploymentPostprocessing = 0;
			shellPath = /bin/sh;
			shellScript = "diff \"${PODS_ROOT}/../Podfile.lock\" \"${PODS_ROOT}/Manifest.lock\" > /dev/null\nif [ $? != 0 ] ; then\n    # print error to STDERR\n    echo \"error: The sandbox is not in sync with the Podfile.lock. Run 'pod install' or update your CocoaPods installation.\" >&2\n    exit 1\nfi\n";
			showEnvVarsInLog = 0;
		};
		82B939DABFF5ECEF6DC15AC4 /* [CP] Check Pods Manifest.lock */ = {
			isa = PBXShellScriptBuildPhase;
			buildActionMask = 2147483647;
			files = (
			);
			inputPaths = (
			);
			name = "[CP] Check Pods Manifest.lock";
			outputPaths = (
			);
			runOnlyForDeploymentPostprocessing = 0;
			shellPath = /bin/sh;
			shellScript = "diff \"${PODS_ROOT}/../Podfile.lock\" \"${PODS_ROOT}/Manifest.lock\" > /dev/null\nif [ $? != 0 ] ; then\n    # print error to STDERR\n    echo \"error: The sandbox is not in sync with the Podfile.lock. Run 'pod install' or update your CocoaPods installation.\" >&2\n    exit 1\nfi\n";
			showEnvVarsInLog = 0;
		};
		D52B9ED139CC8B4B5E352F18 /* [CP] Copy Pods Resources */ = {
			isa = PBXShellScriptBuildPhase;
			buildActionMask = 2147483647;
			files = (
			);
			inputPaths = (
			);
			name = "[CP] Copy Pods Resources";
			outputPaths = (
			);
			runOnlyForDeploymentPostprocessing = 0;
			shellPath = /bin/sh;
			shellScript = "\"${SRCROOT}/Pods/Target Support Files/Pods-The Dog Walker/Pods-The Dog Walker-resources.sh\"\n";
			showEnvVarsInLog = 0;
		};
		F5EC3F8697F681B113C99D0C /* [CP] Embed Pods Frameworks */ = {
			isa = PBXShellScriptBuildPhase;
			buildActionMask = 2147483647;
			files = (
			);
			inputPaths = (
			);
			name = "[CP] Embed Pods Frameworks";
			outputPaths = (
			);
			runOnlyForDeploymentPostprocessing = 0;
			shellPath = /bin/sh;
			shellScript = "\"${SRCROOT}/Pods/Target Support Files/Pods-The Dog WalkerTests/Pods-The Dog WalkerTests-frameworks.sh\"\n";
			showEnvVarsInLog = 0;
		};
/* End PBXShellScriptBuildPhase section */

/* Begin PBXSourcesBuildPhase section */
		D28A93B51EE4F03D00CF80B6 /* Sources */ = {
			isa = PBXSourcesBuildPhase;
			buildActionMask = 2147483647;
			files = (
				D2D731D71F1D133A001CA296 /* ScheduleViewController.swift in Sources */,
				D2B1BFB51EF58BD600CEAF3E /* PetData.swift in Sources */,
				D207874F1F0BE80C00941955 /* Constants.swift in Sources */,
				D27E9CBE1EF39F3800377A72 /* WalkerSchedulesTableViewController.swift in Sources */,
				D2C8F1991EE584A900F7AC65 /* LoginViewController.swift in Sources */,
				D27E9CBC1EF39EFA00377A72 /* WalkerScheduleDetailsTableViewController.swift in Sources */,
				D27E9CC51EF3A0D900377A72 /* ClientProfileTableViewController.swift in Sources */,
				D21CEF631EF3015800DF8602 /* EditOwnerViewController.swift in Sources */,
				D27072331EF0ED720073501E /* WelcomeViewController.swift in Sources */,
				D29F24701EFCD32D005A18FA /* PetRegisterVCDelegateExtenstions.swift in Sources */,
				D29F246E1EFCC5CE005A18FA /* RegisterVCDelegateExtensions.swift in Sources */,
				D23F47791EFF75C400797B5E /* UserModel.swift in Sources */,
				D217B3231EF36F7400785F88 /* OwnerScheduleTableViewController.swift in Sources */,
				D23F477B1EFF828600797B5E /* ScheduleModel.swift in Sources */,
				D28A93BD1EE4F03D00CF80B6 /* AppDelegate.swift in Sources */,
				D2C5FABD1EF4C859006BB572 /* WalkerEditProfileViewController.swift in Sources */,
				D217B3251EF36FBD00785F88 /* CreateScheduleViewController.swift in Sources */,
				D2D4E6501EEF191200FB7A7C /* PetRegisterViewController.swift in Sources */,
				D2B653E51F0C45E1008EF4AC /* CreateScheduleExtension.swift in Sources */,
				D23FE2211EF4472700636F8F /* ClientPetTableViewController.swift in Sources */,
				D2D52F3C1F04B5880023D7A2 /* RegisterVCFunctionalityExtension.swift in Sources */,
				D2A058CC1F034B3100972CD0 /* ProfilesViewController.swift in Sources */,
				D2D9E23E1F07549F00699118 /* PetRegisterFunctionalityExt.swift in Sources */,
				D23F477D1EFF88B400797B5E /* PetModel.swift in Sources */,
				D2B1BFB11EF5865B00CEAF3E /* Users.swift in Sources */,
				D27F61F51EF1A7E4006258AA /* PetProfileViewController.swift in Sources */,
				D217B31D1EF3453500785F88 /* PetDetailsTableViewController.swift in Sources */,
				D226B69A1EF4FFD500105673 /* OwnerScheudlesTableViewCell.swift in Sources */,
				D2AB901F1EF4565900A05FEE /* OwnerProfileTableViewController.swift in Sources */,
				D21CEF611EF3014200DF8602 /* EditPetViewController.swift in Sources */,
				D2B1BFBA1EF5A06C00CEAF3E /* FieldValidation.swift in Sources */,
				D2D52F391F049EA20023D7A2 /* Extension.swift in Sources */,
				D2C5FABB1EF4C83D006BB572 /* WalkerProfileTableViewController.swift in Sources */,
				D29205901EEF8CCD008F49F6 /* RegisterViewController.swift in Sources */,
				D2C5FABF1EF4CB09006BB572 /* OwnerScheudleDetailsTableViewController.swift in Sources */,
				D2B1BFB71EF58E4900CEAF3E /* ScheduleData.swift in Sources */,
				D27E9CBA1EF3984B00377A72 /* WalkerEditScheduleViewController.swift in Sources */,
				D27E9CC11EF39FBA00377A72 /* ClientsTableViewController.swift in Sources */,
				D2C5FAC31EF4CFE3006BB572 /* OwnerEditScheduleViewController.swift in Sources */,
			);
			runOnlyForDeploymentPostprocessing = 0;
		};
		D28A93CB1EE4F03D00CF80B6 /* Sources */ = {
			isa = PBXSourcesBuildPhase;
			buildActionMask = 2147483647;
			files = (
				D28A93D41EE4F03D00CF80B6 /* The_Dog_WalkerTests.swift in Sources */,
			);
			runOnlyForDeploymentPostprocessing = 0;
		};
		D28A93D61EE4F03D00CF80B6 /* Sources */ = {
			isa = PBXSourcesBuildPhase;
			buildActionMask = 2147483647;
			files = (
				D28A93DF1EE4F03D00CF80B6 /* The_Dog_WalkerUITests.swift in Sources */,
			);
			runOnlyForDeploymentPostprocessing = 0;
		};
/* End PBXSourcesBuildPhase section */

/* Begin PBXTargetDependency section */
		D28A93D11EE4F03D00CF80B6 /* PBXTargetDependency */ = {
			isa = PBXTargetDependency;
			target = D28A93B81EE4F03D00CF80B6 /* The Dog Walker */;
			targetProxy = D28A93D01EE4F03D00CF80B6 /* PBXContainerItemProxy */;
		};
		D28A93DC1EE4F03D00CF80B6 /* PBXTargetDependency */ = {
			isa = PBXTargetDependency;
			target = D28A93B81EE4F03D00CF80B6 /* The Dog Walker */;
			targetProxy = D28A93DB1EE4F03D00CF80B6 /* PBXContainerItemProxy */;
		};
/* End PBXTargetDependency section */

/* Begin PBXVariantGroup section */
		D28A93C21EE4F03D00CF80B6 /* Main.storyboard */ = {
			isa = PBXVariantGroup;
			children = (
				D28A93C31EE4F03D00CF80B6 /* Base */,
			);
			name = Main.storyboard;
			sourceTree = "<group>";
		};
		D28A93C71EE4F03D00CF80B6 /* LaunchScreen.storyboard */ = {
			isa = PBXVariantGroup;
			children = (
				D28A93C81EE4F03D00CF80B6 /* Base */,
			);
			name = LaunchScreen.storyboard;
			sourceTree = "<group>";
		};
/* End PBXVariantGroup section */

/* Begin XCBuildConfiguration section */
		D28A93E11EE4F03D00CF80B6 /* Debug */ = {
			isa = XCBuildConfiguration;
			buildSettings = {
				ALWAYS_SEARCH_USER_PATHS = NO;
				CLANG_ANALYZER_NONNULL = YES;
				CLANG_ANALYZER_NUMBER_OBJECT_CONVERSION = YES_AGGRESSIVE;
				CLANG_CXX_LANGUAGE_STANDARD = "gnu++0x";
				CLANG_CXX_LIBRARY = "libc++";
				CLANG_ENABLE_MODULES = YES;
				CLANG_ENABLE_OBJC_ARC = YES;
				CLANG_WARN_BOOL_CONVERSION = YES;
				CLANG_WARN_CONSTANT_CONVERSION = YES;
				CLANG_WARN_DIRECT_OBJC_ISA_USAGE = YES_ERROR;
				CLANG_WARN_DOCUMENTATION_COMMENTS = YES;
				CLANG_WARN_EMPTY_BODY = YES;
				CLANG_WARN_ENUM_CONVERSION = YES;
				CLANG_WARN_INFINITE_RECURSION = YES;
				CLANG_WARN_INT_CONVERSION = YES;
				CLANG_WARN_OBJC_ROOT_CLASS = YES_ERROR;
				CLANG_WARN_SUSPICIOUS_MOVE = YES;
				CLANG_WARN_UNREACHABLE_CODE = YES;
				CLANG_WARN__DUPLICATE_METHOD_MATCH = YES;
				"CODE_SIGN_IDENTITY[sdk=iphoneos*]" = "iPhone Developer";
				COPY_PHASE_STRIP = NO;
				DEBUG_INFORMATION_FORMAT = dwarf;
				ENABLE_STRICT_OBJC_MSGSEND = YES;
				ENABLE_TESTABILITY = YES;
				GCC_C_LANGUAGE_STANDARD = gnu99;
				GCC_DYNAMIC_NO_PIC = NO;
				GCC_NO_COMMON_BLOCKS = YES;
				GCC_OPTIMIZATION_LEVEL = 0;
				GCC_PREPROCESSOR_DEFINITIONS = (
					"DEBUG=1",
					"$(inherited)",
				);
				GCC_WARN_64_TO_32_BIT_CONVERSION = YES;
				GCC_WARN_ABOUT_RETURN_TYPE = YES_ERROR;
				GCC_WARN_UNDECLARED_SELECTOR = YES;
				GCC_WARN_UNINITIALIZED_AUTOS = YES_AGGRESSIVE;
				GCC_WARN_UNUSED_FUNCTION = YES;
				GCC_WARN_UNUSED_VARIABLE = YES;
				IPHONEOS_DEPLOYMENT_TARGET = 10.3;
				MTL_ENABLE_DEBUG_INFO = YES;
				ONLY_ACTIVE_ARCH = YES;
				SDKROOT = iphoneos;
				SWIFT_ACTIVE_COMPILATION_CONDITIONS = DEBUG;
				SWIFT_OPTIMIZATION_LEVEL = "-Onone";
			};
			name = Debug;
		};
		D28A93E21EE4F03D00CF80B6 /* Release */ = {
			isa = XCBuildConfiguration;
			buildSettings = {
				ALWAYS_SEARCH_USER_PATHS = NO;
				CLANG_ANALYZER_NONNULL = YES;
				CLANG_ANALYZER_NUMBER_OBJECT_CONVERSION = YES_AGGRESSIVE;
				CLANG_CXX_LANGUAGE_STANDARD = "gnu++0x";
				CLANG_CXX_LIBRARY = "libc++";
				CLANG_ENABLE_MODULES = YES;
				CLANG_ENABLE_OBJC_ARC = YES;
				CLANG_WARN_BOOL_CONVERSION = YES;
				CLANG_WARN_CONSTANT_CONVERSION = YES;
				CLANG_WARN_DIRECT_OBJC_ISA_USAGE = YES_ERROR;
				CLANG_WARN_DOCUMENTATION_COMMENTS = YES;
				CLANG_WARN_EMPTY_BODY = YES;
				CLANG_WARN_ENUM_CONVERSION = YES;
				CLANG_WARN_INFINITE_RECURSION = YES;
				CLANG_WARN_INT_CONVERSION = YES;
				CLANG_WARN_OBJC_ROOT_CLASS = YES_ERROR;
				CLANG_WARN_SUSPICIOUS_MOVE = YES;
				CLANG_WARN_UNREACHABLE_CODE = YES;
				CLANG_WARN__DUPLICATE_METHOD_MATCH = YES;
				"CODE_SIGN_IDENTITY[sdk=iphoneos*]" = "iPhone Developer";
				COPY_PHASE_STRIP = NO;
				DEBUG_INFORMATION_FORMAT = "dwarf-with-dsym";
				ENABLE_NS_ASSERTIONS = NO;
				ENABLE_STRICT_OBJC_MSGSEND = YES;
				GCC_C_LANGUAGE_STANDARD = gnu99;
				GCC_NO_COMMON_BLOCKS = YES;
				GCC_WARN_64_TO_32_BIT_CONVERSION = YES;
				GCC_WARN_ABOUT_RETURN_TYPE = YES_ERROR;
				GCC_WARN_UNDECLARED_SELECTOR = YES;
				GCC_WARN_UNINITIALIZED_AUTOS = YES_AGGRESSIVE;
				GCC_WARN_UNUSED_FUNCTION = YES;
				GCC_WARN_UNUSED_VARIABLE = YES;
				IPHONEOS_DEPLOYMENT_TARGET = 10.3;
				MTL_ENABLE_DEBUG_INFO = NO;
				SDKROOT = iphoneos;
				SWIFT_OPTIMIZATION_LEVEL = "-Owholemodule";
				VALIDATE_PRODUCT = YES;
			};
			name = Release;
		};
		D28A93E41EE4F03D00CF80B6 /* Debug */ = {
			isa = XCBuildConfiguration;
			baseConfigurationReference = 8E4B4B925FA6CEFEEB937A1A /* Pods-The Dog Walker.debug.xcconfig */;
			buildSettings = {
				ASSETCATALOG_COMPILER_APPICON_NAME = AppIcon;
				CODE_SIGN_ENTITLEMENTS = "The Dog Walker/The Dog Walker.entitlements";
				DEVELOPMENT_TEAM = 6VFLGS887N;
				INFOPLIST_FILE = "The Dog Walker/Info.plist";
				IPHONEOS_DEPLOYMENT_TARGET = 10.3;
				LD_RUNPATH_SEARCH_PATHS = "$(inherited) @executable_path/Frameworks";
				PRODUCT_BUNDLE_IDENTIFIER = "com.OHara.The-Dog-Walker";
				PRODUCT_NAME = "$(TARGET_NAME)";
				SWIFT_VERSION = 3.0;
			};
			name = Debug;
		};
		D28A93E51EE4F03D00CF80B6 /* Release */ = {
			isa = XCBuildConfiguration;
			baseConfigurationReference = 4E8ACEA42328741DF66CE40F /* Pods-The Dog Walker.release.xcconfig */;
			buildSettings = {
				ASSETCATALOG_COMPILER_APPICON_NAME = AppIcon;
				CODE_SIGN_ENTITLEMENTS = "The Dog Walker/The Dog Walker.entitlements";
				DEVELOPMENT_TEAM = 6VFLGS887N;
				INFOPLIST_FILE = "The Dog Walker/Info.plist";
				IPHONEOS_DEPLOYMENT_TARGET = 10.3;
				LD_RUNPATH_SEARCH_PATHS = "$(inherited) @executable_path/Frameworks";
				PRODUCT_BUNDLE_IDENTIFIER = "com.OHara.The-Dog-Walker";
				PRODUCT_NAME = "$(TARGET_NAME)";
				SWIFT_VERSION = 3.0;
			};
			name = Release;
		};
		D28A93E71EE4F03D00CF80B6 /* Debug */ = {
			isa = XCBuildConfiguration;
			baseConfigurationReference = 89BEECA7D67CACE5DBAD6596 /* Pods-The Dog WalkerTests.debug.xcconfig */;
			buildSettings = {
				ALWAYS_EMBED_SWIFT_STANDARD_LIBRARIES = YES;
				BUNDLE_LOADER = "$(TEST_HOST)";
				DEVELOPMENT_TEAM = 6VFLGS887N;
				INFOPLIST_FILE = "The Dog WalkerTests/Info.plist";
				LD_RUNPATH_SEARCH_PATHS = "$(inherited) @executable_path/Frameworks @loader_path/Frameworks";
				PRODUCT_BUNDLE_IDENTIFIER = "com.OHara.The-Dog-WalkerTests";
				PRODUCT_NAME = "$(TARGET_NAME)";
				SWIFT_VERSION = 3.0;
				TEST_HOST = "$(BUILT_PRODUCTS_DIR)/The Dog Walker.app/The Dog Walker";
			};
			name = Debug;
		};
		D28A93E81EE4F03D00CF80B6 /* Release */ = {
			isa = XCBuildConfiguration;
			baseConfigurationReference = F0C9348669850476B9913E50 /* Pods-The Dog WalkerTests.release.xcconfig */;
			buildSettings = {
				ALWAYS_EMBED_SWIFT_STANDARD_LIBRARIES = YES;
				BUNDLE_LOADER = "$(TEST_HOST)";
				DEVELOPMENT_TEAM = 6VFLGS887N;
				INFOPLIST_FILE = "The Dog WalkerTests/Info.plist";
				LD_RUNPATH_SEARCH_PATHS = "$(inherited) @executable_path/Frameworks @loader_path/Frameworks";
				PRODUCT_BUNDLE_IDENTIFIER = "com.OHara.The-Dog-WalkerTests";
				PRODUCT_NAME = "$(TARGET_NAME)";
				SWIFT_VERSION = 3.0;
				TEST_HOST = "$(BUILT_PRODUCTS_DIR)/The Dog Walker.app/The Dog Walker";
			};
			name = Release;
		};
		D28A93EA1EE4F03D00CF80B6 /* Debug */ = {
			isa = XCBuildConfiguration;
			baseConfigurationReference = B990290895BC53A9E6AB6124 /* Pods-The Dog WalkerUITests.debug.xcconfig */;
			buildSettings = {
				ALWAYS_EMBED_SWIFT_STANDARD_LIBRARIES = YES;
				DEVELOPMENT_TEAM = 6VFLGS887N;
				INFOPLIST_FILE = "The Dog WalkerUITests/Info.plist";
				LD_RUNPATH_SEARCH_PATHS = "$(inherited) @executable_path/Frameworks @loader_path/Frameworks";
				PRODUCT_BUNDLE_IDENTIFIER = "com.OHara.The-Dog-WalkerUITests";
				PRODUCT_NAME = "$(TARGET_NAME)";
				SWIFT_VERSION = 3.0;
				TEST_TARGET_NAME = "The Dog Walker";
			};
			name = Debug;
		};
		D28A93EB1EE4F03D00CF80B6 /* Release */ = {
			isa = XCBuildConfiguration;
			baseConfigurationReference = 6B3BA7C8AA72F12D683E3AFA /* Pods-The Dog WalkerUITests.release.xcconfig */;
			buildSettings = {
				ALWAYS_EMBED_SWIFT_STANDARD_LIBRARIES = YES;
				DEVELOPMENT_TEAM = 6VFLGS887N;
				INFOPLIST_FILE = "The Dog WalkerUITests/Info.plist";
				LD_RUNPATH_SEARCH_PATHS = "$(inherited) @executable_path/Frameworks @loader_path/Frameworks";
				PRODUCT_BUNDLE_IDENTIFIER = "com.OHara.The-Dog-WalkerUITests";
				PRODUCT_NAME = "$(TARGET_NAME)";
				SWIFT_VERSION = 3.0;
				TEST_TARGET_NAME = "The Dog Walker";
			};
			name = Release;
		};
/* End XCBuildConfiguration section */

/* Begin XCConfigurationList section */
		D28A93B41EE4F03D00CF80B6 /* Build configuration list for PBXProject "The Dog Walker" */ = {
			isa = XCConfigurationList;
			buildConfigurations = (
				D28A93E11EE4F03D00CF80B6 /* Debug */,
				D28A93E21EE4F03D00CF80B6 /* Release */,
			);
			defaultConfigurationIsVisible = 0;
			defaultConfigurationName = Release;
		};
		D28A93E31EE4F03D00CF80B6 /* Build configuration list for PBXNativeTarget "The Dog Walker" */ = {
			isa = XCConfigurationList;
			buildConfigurations = (
				D28A93E41EE4F03D00CF80B6 /* Debug */,
				D28A93E51EE4F03D00CF80B6 /* Release */,
			);
			defaultConfigurationIsVisible = 0;
			defaultConfigurationName = Release;
		};
		D28A93E61EE4F03D00CF80B6 /* Build configuration list for PBXNativeTarget "The Dog WalkerTests" */ = {
			isa = XCConfigurationList;
			buildConfigurations = (
				D28A93E71EE4F03D00CF80B6 /* Debug */,
				D28A93E81EE4F03D00CF80B6 /* Release */,
			);
			defaultConfigurationIsVisible = 0;
			defaultConfigurationName = Release;
		};
		D28A93E91EE4F03D00CF80B6 /* Build configuration list for PBXNativeTarget "The Dog WalkerUITests" */ = {
			isa = XCConfigurationList;
			buildConfigurations = (
				D28A93EA1EE4F03D00CF80B6 /* Debug */,
				D28A93EB1EE4F03D00CF80B6 /* Release */,
			);
			defaultConfigurationIsVisible = 0;
			defaultConfigurationName = Release;
		};
/* End XCConfigurationList section */
	};
	rootObject = D28A93B11EE4F03D00CF80B6 /* Project object */;
}
